// !$*UTF8*$!
{
	archiveVersion = 1;
	classes = {
	};
	objectVersion = 56;
	objects = {

/* Begin PBXBuildFile section */
		48DA30622C11FF1000E26FC5 /* AppDelegate.swift in Sources */ = {isa = PBXBuildFile; fileRef = 48DA30612C11FF1000E26FC5 /* AppDelegate.swift */; };
		48DA30642C11FF1000E26FC5 /* SceneDelegate.swift in Sources */ = {isa = PBXBuildFile; fileRef = 48DA30632C11FF1000E26FC5 /* SceneDelegate.swift */; };
		48DA306B2C11FF1200E26FC5 /* Assets.xcassets in Resources */ = {isa = PBXBuildFile; fileRef = 48DA306A2C11FF1200E26FC5 /* Assets.xcassets */; };
		48DA306E2C11FF1200E26FC5 /* Base in Resources */ = {isa = PBXBuildFile; fileRef = 48DA306D2C11FF1200E26FC5 /* Base */; };
		48DA30832C11FF1200E26FC5 /* NewsAppUITests.swift in Sources */ = {isa = PBXBuildFile; fileRef = 48DA30822C11FF1200E26FC5 /* NewsAppUITests.swift */; };
		48DA30852C11FF1200E26FC5 /* NewsAppUITestsLaunchTests.swift in Sources */ = {isa = PBXBuildFile; fileRef = 48DA30842C11FF1200E26FC5 /* NewsAppUITestsLaunchTests.swift */; };
		48DA30932C12013900E26FC5 /* Alamofire in Frameworks */ = {isa = PBXBuildFile; productRef = 48DA30922C12013900E26FC5 /* Alamofire */; };
		48DA309F2C12052700E26FC5 /* APIService.swift in Sources */ = {isa = PBXBuildFile; fileRef = 48DA309E2C12052700E26FC5 /* APIService.swift */; };
		48DA30A12C12062A00E26FC5 /* NewsRepository.swift in Sources */ = {isa = PBXBuildFile; fileRef = 48DA30A02C12062A00E26FC5 /* NewsRepository.swift */; };
		48DA30A42C1206AF00E26FC5 /* FavoriteArticle.swift in Sources */ = {isa = PBXBuildFile; fileRef = 48DA30A32C1206AF00E26FC5 /* FavoriteArticle.swift */; };
		48DA30A62C1207B800E26FC5 /* Entities.swift in Sources */ = {isa = PBXBuildFile; fileRef = 48DA30A52C1207B800E26FC5 /* Entities.swift */; };
		48DA30A92C12083000E26FC5 /* FetchHeadlinesUseCase.swift in Sources */ = {isa = PBXBuildFile; fileRef = 48DA30A82C12083000E26FC5 /* FetchHeadlinesUseCase.swift */; };
		48DA30AD2C1208EB00E26FC5 /* GetFavoriteArticlesUseCase.swift in Sources */ = {isa = PBXBuildFile; fileRef = 48DA30AC2C1208EB00E26FC5 /* GetFavoriteArticlesUseCase.swift */; };
		48DA30B32C120AD600E26FC5 /* SaveFavoriteArticleUseCase.swift in Sources */ = {isa = PBXBuildFile; fileRef = 48DA30B22C120AD600E26FC5 /* SaveFavoriteArticleUseCase.swift */; };
		48DA30B92C121FE900E26FC5 /* OnboardingViewController.swift in Sources */ = {isa = PBXBuildFile; fileRef = 48DA30B62C121FE900E26FC5 /* OnboardingViewController.swift */; };
		48DA30BE2C12207B00E26FC5 /* MainViewController.swift in Sources */ = {isa = PBXBuildFile; fileRef = 48DA30BB2C12207B00E26FC5 /* MainViewController.swift */; };
		48DA30C02C1220CF00E26FC5 /* MainViewModel.swift in Sources */ = {isa = PBXBuildFile; fileRef = 48DA30BF2C1220CF00E26FC5 /* MainViewModel.swift */; };
		48DA30C52C1222E200E26FC5 /* SearchViewController.swift in Sources */ = {isa = PBXBuildFile; fileRef = 48DA30C22C1222E200E26FC5 /* SearchViewController.swift */; };
		48DA30C72C122A7D00E26FC5 /* SearchArticlesUseCase.swift in Sources */ = {isa = PBXBuildFile; fileRef = 48DA30C62C122A7D00E26FC5 /* SearchArticlesUseCase.swift */; };
		48DA30C92C122F9D00E26FC5 /* SearchViewModel.swift in Sources */ = {isa = PBXBuildFile; fileRef = 48DA30C82C122F9D00E26FC5 /* SearchViewModel.swift */; };
		48DA30D12C1230FC00E26FC5 /* HeadlineTableViewCell.swift in Sources */ = {isa = PBXBuildFile; fileRef = 48DA30CE2C1230FC00E26FC5 /* HeadlineTableViewCell.swift */; };
		48DA30D32C12330600E26FC5 /* APIServiceTests.swift in Sources */ = {isa = PBXBuildFile; fileRef = 48DA30D22C12330600E26FC5 /* APIServiceTests.swift */; };
		48DA30D52C1233FB00E26FC5 /* NewsRepositoryTests.swift in Sources */ = {isa = PBXBuildFile; fileRef = 48DA30D42C1233FB00E26FC5 /* NewsRepositoryTests.swift */; };
		48DA30D72C12345400E26FC5 /* MainViewModelTests.swift in Sources */ = {isa = PBXBuildFile; fileRef = 48DA30D62C12345400E26FC5 /* MainViewModelTests.swift */; };
		48DA30D92C1234D600E26FC5 /* SearchViewModelTests.swift in Sources */ = {isa = PBXBuildFile; fileRef = 48DA30D82C1234D600E26FC5 /* SearchViewModelTests.swift */; };
		48DA30DC2C134A2D00E26FC5 /* SearchResultCell.swift in Sources */ = {isa = PBXBuildFile; fileRef = 48DA30DB2C134A2D00E26FC5 /* SearchResultCell.swift */; };
		48DA30DF2C134A8800E26FC5 /* UIImageView.swift in Sources */ = {isa = PBXBuildFile; fileRef = 48DA30DE2C134A8800E26FC5 /* UIImageView.swift */; };
		48DA30E22C1353D400E26FC5 /* RealmSwift in Frameworks */ = {isa = PBXBuildFile; productRef = 48DA30E12C1353D400E26FC5 /* RealmSwift */; };
/* End PBXBuildFile section */

/* Begin PBXContainerItemProxy section */
		48DA30752C11FF1200E26FC5 /* PBXContainerItemProxy */ = {
			isa = PBXContainerItemProxy;
			containerPortal = 48DA30562C11FF1000E26FC5 /* Project object */;
			proxyType = 1;
			remoteGlobalIDString = 48DA305D2C11FF1000E26FC5;
			remoteInfo = NewsApp;
		};
		48DA307F2C11FF1200E26FC5 /* PBXContainerItemProxy */ = {
			isa = PBXContainerItemProxy;
			containerPortal = 48DA30562C11FF1000E26FC5 /* Project object */;
			proxyType = 1;
			remoteGlobalIDString = 48DA305D2C11FF1000E26FC5;
			remoteInfo = NewsApp;
		};
/* End PBXContainerItemProxy section */

/* Begin PBXFileReference section */
		48DA305E2C11FF1000E26FC5 /* NewsApp.app */ = {isa = PBXFileReference; explicitFileType = wrapper.application; includeInIndex = 0; path = NewsApp.app; sourceTree = BUILT_PRODUCTS_DIR; };
		48DA30612C11FF1000E26FC5 /* AppDelegate.swift */ = {isa = PBXFileReference; lastKnownFileType = sourcecode.swift; path = AppDelegate.swift; sourceTree = "<group>"; };
		48DA30632C11FF1000E26FC5 /* SceneDelegate.swift */ = {isa = PBXFileReference; lastKnownFileType = sourcecode.swift; path = SceneDelegate.swift; sourceTree = "<group>"; };
		48DA306A2C11FF1200E26FC5 /* Assets.xcassets */ = {isa = PBXFileReference; lastKnownFileType = folder.assetcatalog; path = Assets.xcassets; sourceTree = "<group>"; };
		48DA306D2C11FF1200E26FC5 /* Base */ = {isa = PBXFileReference; lastKnownFileType = file.storyboard; name = Base; path = Base.lproj/LaunchScreen.storyboard; sourceTree = "<group>"; };
		48DA306F2C11FF1200E26FC5 /* Info.plist */ = {isa = PBXFileReference; lastKnownFileType = text.plist.xml; path = Info.plist; sourceTree = "<group>"; };
		48DA30742C11FF1200E26FC5 /* NewsAppTests.xctest */ = {isa = PBXFileReference; explicitFileType = wrapper.cfbundle; includeInIndex = 0; path = NewsAppTests.xctest; sourceTree = BUILT_PRODUCTS_DIR; };
		48DA307E2C11FF1200E26FC5 /* NewsAppUITests.xctest */ = {isa = PBXFileReference; explicitFileType = wrapper.cfbundle; includeInIndex = 0; path = NewsAppUITests.xctest; sourceTree = BUILT_PRODUCTS_DIR; };
		48DA30822C11FF1200E26FC5 /* NewsAppUITests.swift */ = {isa = PBXFileReference; lastKnownFileType = sourcecode.swift; path = NewsAppUITests.swift; sourceTree = "<group>"; };
		48DA30842C11FF1200E26FC5 /* NewsAppUITestsLaunchTests.swift */ = {isa = PBXFileReference; lastKnownFileType = sourcecode.swift; path = NewsAppUITestsLaunchTests.swift; sourceTree = "<group>"; };
		48DA309E2C12052700E26FC5 /* APIService.swift */ = {isa = PBXFileReference; lastKnownFileType = sourcecode.swift; path = APIService.swift; sourceTree = "<group>"; };
		48DA30A02C12062A00E26FC5 /* NewsRepository.swift */ = {isa = PBXFileReference; lastKnownFileType = sourcecode.swift; path = NewsRepository.swift; sourceTree = "<group>"; };
		48DA30A32C1206AF00E26FC5 /* FavoriteArticle.swift */ = {isa = PBXFileReference; lastKnownFileType = sourcecode.swift; path = FavoriteArticle.swift; sourceTree = "<group>"; };
		48DA30A52C1207B800E26FC5 /* Entities.swift */ = {isa = PBXFileReference; lastKnownFileType = sourcecode.swift; path = Entities.swift; sourceTree = "<group>"; };
		48DA30A82C12083000E26FC5 /* FetchHeadlinesUseCase.swift */ = {isa = PBXFileReference; lastKnownFileType = sourcecode.swift; path = FetchHeadlinesUseCase.swift; sourceTree = "<group>"; };
		48DA30AC2C1208EB00E26FC5 /* GetFavoriteArticlesUseCase.swift */ = {isa = PBXFileReference; lastKnownFileType = sourcecode.swift; path = GetFavoriteArticlesUseCase.swift; sourceTree = "<group>"; };
		48DA30B22C120AD600E26FC5 /* SaveFavoriteArticleUseCase.swift */ = {isa = PBXFileReference; lastKnownFileType = sourcecode.swift; path = SaveFavoriteArticleUseCase.swift; sourceTree = "<group>"; };
		48DA30B62C121FE900E26FC5 /* OnboardingViewController.swift */ = {isa = PBXFileReference; lastKnownFileType = sourcecode.swift; path = OnboardingViewController.swift; sourceTree = "<group>"; };
		48DA30BB2C12207B00E26FC5 /* MainViewController.swift */ = {isa = PBXFileReference; lastKnownFileType = sourcecode.swift; path = MainViewController.swift; sourceTree = "<group>"; };
		48DA30BF2C1220CF00E26FC5 /* MainViewModel.swift */ = {isa = PBXFileReference; lastKnownFileType = sourcecode.swift; path = MainViewModel.swift; sourceTree = "<group>"; };
		48DA30C22C1222E200E26FC5 /* SearchViewController.swift */ = {isa = PBXFileReference; lastKnownFileType = sourcecode.swift; path = SearchViewController.swift; sourceTree = "<group>"; };
		48DA30C62C122A7D00E26FC5 /* SearchArticlesUseCase.swift */ = {isa = PBXFileReference; lastKnownFileType = sourcecode.swift; path = SearchArticlesUseCase.swift; sourceTree = "<group>"; };
		48DA30C82C122F9D00E26FC5 /* SearchViewModel.swift */ = {isa = PBXFileReference; lastKnownFileType = sourcecode.swift; path = SearchViewModel.swift; sourceTree = "<group>"; };
		48DA30CE2C1230FC00E26FC5 /* HeadlineTableViewCell.swift */ = {isa = PBXFileReference; lastKnownFileType = sourcecode.swift; path = HeadlineTableViewCell.swift; sourceTree = "<group>"; };
		48DA30D22C12330600E26FC5 /* APIServiceTests.swift */ = {isa = PBXFileReference; lastKnownFileType = sourcecode.swift; path = APIServiceTests.swift; sourceTree = "<group>"; };
		48DA30D42C1233FB00E26FC5 /* NewsRepositoryTests.swift */ = {isa = PBXFileReference; lastKnownFileType = sourcecode.swift; path = NewsRepositoryTests.swift; sourceTree = "<group>"; };
		48DA30D62C12345400E26FC5 /* MainViewModelTests.swift */ = {isa = PBXFileReference; lastKnownFileType = sourcecode.swift; path = MainViewModelTests.swift; sourceTree = "<group>"; };
		48DA30D82C1234D600E26FC5 /* SearchViewModelTests.swift */ = {isa = PBXFileReference; lastKnownFileType = sourcecode.swift; path = SearchViewModelTests.swift; sourceTree = "<group>"; };
		48DA30DB2C134A2D00E26FC5 /* SearchResultCell.swift */ = {isa = PBXFileReference; lastKnownFileType = sourcecode.swift; path = SearchResultCell.swift; sourceTree = "<group>"; };
		48DA30DE2C134A8800E26FC5 /* UIImageView.swift */ = {isa = PBXFileReference; lastKnownFileType = sourcecode.swift; path = UIImageView.swift; sourceTree = "<group>"; };
/* End PBXFileReference section */

/* Begin PBXFrameworksBuildPhase section */
		48DA305B2C11FF1000E26FC5 /* Frameworks */ = {
			isa = PBXFrameworksBuildPhase;
			buildActionMask = 2147483647;
			files = (
				48DA30E22C1353D400E26FC5 /* RealmSwift in Frameworks */,
				48DA30932C12013900E26FC5 /* Alamofire in Frameworks */,
			);
			runOnlyForDeploymentPostprocessing = 0;
		};
		48DA30712C11FF1200E26FC5 /* Frameworks */ = {
			isa = PBXFrameworksBuildPhase;
			buildActionMask = 2147483647;
			files = (
			);
			runOnlyForDeploymentPostprocessing = 0;
		};
		48DA307B2C11FF1200E26FC5 /* Frameworks */ = {
			isa = PBXFrameworksBuildPhase;
			buildActionMask = 2147483647;
			files = (
			);
			runOnlyForDeploymentPostprocessing = 0;
		};
/* End PBXFrameworksBuildPhase section */

/* Begin PBXGroup section */
		48DA30552C11FF1000E26FC5 = {
			isa = PBXGroup;
			children = (
				48DA30602C11FF1000E26FC5 /* NewsApp */,
				48DA30772C11FF1200E26FC5 /* NewsAppTests */,
				48DA30812C11FF1200E26FC5 /* NewsAppUITests */,
				48DA305F2C11FF1000E26FC5 /* Products */,
			);
			sourceTree = "<group>";
		};
		48DA305F2C11FF1000E26FC5 /* Products */ = {
			isa = PBXGroup;
			children = (
				48DA305E2C11FF1000E26FC5 /* NewsApp.app */,
				48DA30742C11FF1200E26FC5 /* NewsAppTests.xctest */,
				48DA307E2C11FF1200E26FC5 /* NewsAppUITests.xctest */,
			);
			name = Products;
			sourceTree = "<group>";
		};
		48DA30602C11FF1000E26FC5 /* NewsApp */ = {
			isa = PBXGroup;
			children = (
				48DA30AE2C12098E00E26FC5 /* AppDelegate */,
				48DA30B02C1209CA00E26FC5 /* Resources */,
				48DA309B2C1204AE00E26FC5 /* Data */,
				48DA309C2C1204BB00E26FC5 /* Domain */,
				48DA309D2C1204C200E26FC5 /* Presentation */,
			);
			path = NewsApp;
			sourceTree = "<group>";
		};
		48DA30772C11FF1200E26FC5 /* NewsAppTests */ = {
			isa = PBXGroup;
			children = (
				48DA30D22C12330600E26FC5 /* APIServiceTests.swift */,
				48DA30D42C1233FB00E26FC5 /* NewsRepositoryTests.swift */,
				48DA30D62C12345400E26FC5 /* MainViewModelTests.swift */,
				48DA30D82C1234D600E26FC5 /* SearchViewModelTests.swift */,
			);
			path = NewsAppTests;
			sourceTree = "<group>";
		};
		48DA30812C11FF1200E26FC5 /* NewsAppUITests */ = {
			isa = PBXGroup;
			children = (
				48DA30822C11FF1200E26FC5 /* NewsAppUITests.swift */,
				48DA30842C11FF1200E26FC5 /* NewsAppUITestsLaunchTests.swift */,
			);
			path = NewsAppUITests;
			sourceTree = "<group>";
		};
		48DA309B2C1204AE00E26FC5 /* Data */ = {
			isa = PBXGroup;
			children = (
				48DA309E2C12052700E26FC5 /* APIService.swift */,
				48DA30A02C12062A00E26FC5 /* NewsRepository.swift */,
				48DA30A22C12069200E26FC5 /* RealmModels */,
			);
			path = Data;
			sourceTree = "<group>";
		};
		48DA309C2C1204BB00E26FC5 /* Domain */ = {
			isa = PBXGroup;
			children = (
				48DA30A52C1207B800E26FC5 /* Entities.swift */,
				48DA30A72C12081000E26FC5 /* UseCases */,
			);
			path = Domain;
			sourceTree = "<group>";
		};
		48DA309D2C1204C200E26FC5 /* Presentation */ = {
			isa = PBXGroup;
			children = (
				48DA30B42C1211EA00E26FC5 /* ViewModel */,
				48DA30AF2C1209BC00E26FC5 /* View */,
			);
			path = Presentation;
			sourceTree = "<group>";
		};
		48DA30A22C12069200E26FC5 /* RealmModels */ = {
			isa = PBXGroup;
			children = (
				48DA30A32C1206AF00E26FC5 /* FavoriteArticle.swift */,
			);
			path = RealmModels;
			sourceTree = "<group>";
		};
		48DA30A72C12081000E26FC5 /* UseCases */ = {
			isa = PBXGroup;
			children = (
				48DA30A82C12083000E26FC5 /* FetchHeadlinesUseCase.swift */,
				48DA30B22C120AD600E26FC5 /* SaveFavoriteArticleUseCase.swift */,
				48DA30AC2C1208EB00E26FC5 /* GetFavoriteArticlesUseCase.swift */,
				48DA30C62C122A7D00E26FC5 /* SearchArticlesUseCase.swift */,
			);
			path = UseCases;
			sourceTree = "<group>";
		};
		48DA30AE2C12098E00E26FC5 /* AppDelegate */ = {
			isa = PBXGroup;
			children = (
				48DA30612C11FF1000E26FC5 /* AppDelegate.swift */,
				48DA30632C11FF1000E26FC5 /* SceneDelegate.swift */,
			);
			path = AppDelegate;
			sourceTree = "<group>";
		};
		48DA30AF2C1209BC00E26FC5 /* View */ = {
			isa = PBXGroup;
			children = (
				48DA30CA2C12309E00E26FC5 /* Cells */,
				48DA30C12C1222A300E26FC5 /* SearchController */,
				48DA30BA2C12205800E26FC5 /* MainController */,
				48DA30B52C121F7300E26FC5 /* OnboardingController */,
				48DA306C2C11FF1200E26FC5 /* LaunchScreen.storyboard */,
			);
			path = View;
			sourceTree = "<group>";
		};
		48DA30B02C1209CA00E26FC5 /* Resources */ = {
			isa = PBXGroup;
			children = (
				48DA30DD2C134A7200E26FC5 /* Extensions */,
				48DA306F2C11FF1200E26FC5 /* Info.plist */,
				48DA306A2C11FF1200E26FC5 /* Assets.xcassets */,
			);
			path = Resources;
			sourceTree = "<group>";
		};
		48DA30B42C1211EA00E26FC5 /* ViewModel */ = {
			isa = PBXGroup;
			children = (
				48DA30BF2C1220CF00E26FC5 /* MainViewModel.swift */,
				48DA30C82C122F9D00E26FC5 /* SearchViewModel.swift */,
			);
			path = ViewModel;
			sourceTree = "<group>";
		};
		48DA30B52C121F7300E26FC5 /* OnboardingController */ = {
			isa = PBXGroup;
			children = (
				48DA30B62C121FE900E26FC5 /* OnboardingViewController.swift */,
			);
			path = OnboardingController;
			sourceTree = "<group>";
		};
		48DA30BA2C12205800E26FC5 /* MainController */ = {
			isa = PBXGroup;
			children = (
				48DA30BB2C12207B00E26FC5 /* MainViewController.swift */,
			);
			path = MainController;
			sourceTree = "<group>";
		};
		48DA30C12C1222A300E26FC5 /* SearchController */ = {
			isa = PBXGroup;
			children = (
				48DA30C22C1222E200E26FC5 /* SearchViewController.swift */,
			);
			path = SearchController;
			sourceTree = "<group>";
		};
		48DA30CA2C12309E00E26FC5 /* Cells */ = {
			isa = PBXGroup;
			children = (
				48DA30DA2C134A0C00E26FC5 /* SearchResultCell */,
				48DA30CD2C1230CE00E26FC5 /* HeadlineCell */,
			);
			path = Cells;
			sourceTree = "<group>";
		};
		48DA30CD2C1230CE00E26FC5 /* HeadlineCell */ = {
			isa = PBXGroup;
			children = (
				48DA30CE2C1230FC00E26FC5 /* HeadlineTableViewCell.swift */,
			);
			path = HeadlineCell;
			sourceTree = "<group>";
		};
		48DA30DA2C134A0C00E26FC5 /* SearchResultCell */ = {
			isa = PBXGroup;
			children = (
				48DA30DB2C134A2D00E26FC5 /* SearchResultCell.swift */,
			);
			path = SearchResultCell;
			sourceTree = "<group>";
		};
		48DA30DD2C134A7200E26FC5 /* Extensions */ = {
			isa = PBXGroup;
			children = (
				48DA30DE2C134A8800E26FC5 /* UIImageView.swift */,
			);
			path = Extensions;
			sourceTree = "<group>";
		};
/* End PBXGroup section */

/* Begin PBXNativeTarget section */
		48DA305D2C11FF1000E26FC5 /* NewsApp */ = {
			isa = PBXNativeTarget;
			buildConfigurationList = 48DA30882C11FF1200E26FC5 /* Build configuration list for PBXNativeTarget "NewsApp" */;
			buildPhases = (
				48DA305A2C11FF1000E26FC5 /* Sources */,
				48DA305B2C11FF1000E26FC5 /* Frameworks */,
				48DA305C2C11FF1000E26FC5 /* Resources */,
			);
			buildRules = (
			);
			dependencies = (
			);
			name = NewsApp;
			packageProductDependencies = (
				48DA30922C12013900E26FC5 /* Alamofire */,
				48DA30E12C1353D400E26FC5 /* RealmSwift */,
			);
			productName = NewsApp;
			productReference = 48DA305E2C11FF1000E26FC5 /* NewsApp.app */;
			productType = "com.apple.product-type.application";
		};
		48DA30732C11FF1200E26FC5 /* NewsAppTests */ = {
			isa = PBXNativeTarget;
			buildConfigurationList = 48DA308B2C11FF1200E26FC5 /* Build configuration list for PBXNativeTarget "NewsAppTests" */;
			buildPhases = (
				48DA30702C11FF1200E26FC5 /* Sources */,
				48DA30712C11FF1200E26FC5 /* Frameworks */,
				48DA30722C11FF1200E26FC5 /* Resources */,
			);
			buildRules = (
			);
			dependencies = (
				48DA30762C11FF1200E26FC5 /* PBXTargetDependency */,
			);
			name = NewsAppTests;
			productName = NewsAppTests;
			productReference = 48DA30742C11FF1200E26FC5 /* NewsAppTests.xctest */;
			productType = "com.apple.product-type.bundle.unit-test";
		};
		48DA307D2C11FF1200E26FC5 /* NewsAppUITests */ = {
			isa = PBXNativeTarget;
			buildConfigurationList = 48DA308E2C11FF1200E26FC5 /* Build configuration list for PBXNativeTarget "NewsAppUITests" */;
			buildPhases = (
				48DA307A2C11FF1200E26FC5 /* Sources */,
				48DA307B2C11FF1200E26FC5 /* Frameworks */,
				48DA307C2C11FF1200E26FC5 /* Resources */,
			);
			buildRules = (
			);
			dependencies = (
				48DA30802C11FF1200E26FC5 /* PBXTargetDependency */,
			);
			name = NewsAppUITests;
			productName = NewsAppUITests;
			productReference = 48DA307E2C11FF1200E26FC5 /* NewsAppUITests.xctest */;
			productType = "com.apple.product-type.bundle.ui-testing";
		};
/* End PBXNativeTarget section */

/* Begin PBXProject section */
		48DA30562C11FF1000E26FC5 /* Project object */ = {
			isa = PBXProject;
			attributes = {
				BuildIndependentTargetsInParallel = 1;
				LastSwiftUpdateCheck = 1540;
				LastUpgradeCheck = 1540;
				TargetAttributes = {
					48DA305D2C11FF1000E26FC5 = {
						CreatedOnToolsVersion = 15.4;
					};
					48DA30732C11FF1200E26FC5 = {
						CreatedOnToolsVersion = 15.4;
						TestTargetID = 48DA305D2C11FF1000E26FC5;
					};
					48DA307D2C11FF1200E26FC5 = {
						CreatedOnToolsVersion = 15.4;
						TestTargetID = 48DA305D2C11FF1000E26FC5;
					};
				};
			};
			buildConfigurationList = 48DA30592C11FF1000E26FC5 /* Build configuration list for PBXProject "NewsApp" */;
			compatibilityVersion = "Xcode 14.0";
			developmentRegion = en;
			hasScannedForEncodings = 0;
			knownRegions = (
				en,
				Base,
			);
			mainGroup = 48DA30552C11FF1000E26FC5;
			packageReferences = (
				48DA30912C12013900E26FC5 /* XCRemoteSwiftPackageReference "Alamofire" */,
				48DA30E02C1353D400E26FC5 /* XCRemoteSwiftPackageReference "realm-swift" */,
			);
			productRefGroup = 48DA305F2C11FF1000E26FC5 /* Products */;
			projectDirPath = "";
			projectRoot = "";
			targets = (
				48DA305D2C11FF1000E26FC5 /* NewsApp */,
				48DA30732C11FF1200E26FC5 /* NewsAppTests */,
				48DA307D2C11FF1200E26FC5 /* NewsAppUITests */,
			);
		};
/* End PBXProject section */

/* Begin PBXResourcesBuildPhase section */
		48DA305C2C11FF1000E26FC5 /* Resources */ = {
			isa = PBXResourcesBuildPhase;
			buildActionMask = 2147483647;
			files = (
				48DA306B2C11FF1200E26FC5 /* Assets.xcassets in Resources */,
				48DA306E2C11FF1200E26FC5 /* Base in Resources */,
			);
			runOnlyForDeploymentPostprocessing = 0;
		};
		48DA30722C11FF1200E26FC5 /* Resources */ = {
			isa = PBXResourcesBuildPhase;
			buildActionMask = 2147483647;
			files = (
			);
			runOnlyForDeploymentPostprocessing = 0;
		};
		48DA307C2C11FF1200E26FC5 /* Resources */ = {
			isa = PBXResourcesBuildPhase;
			buildActionMask = 2147483647;
			files = (
			);
			runOnlyForDeploymentPostprocessing = 0;
		};
/* End PBXResourcesBuildPhase section */

/* Begin PBXSourcesBuildPhase section */
		48DA305A2C11FF1000E26FC5 /* Sources */ = {
			isa = PBXSourcesBuildPhase;
			buildActionMask = 2147483647;
			files = (
				48DA30AD2C1208EB00E26FC5 /* GetFavoriteArticlesUseCase.swift in Sources */,
				48DA30BE2C12207B00E26FC5 /* MainViewController.swift in Sources */,
				48DA30B32C120AD600E26FC5 /* SaveFavoriteArticleUseCase.swift in Sources */,
				48DA30D12C1230FC00E26FC5 /* HeadlineTableViewCell.swift in Sources */,
				48DA30622C11FF1000E26FC5 /* AppDelegate.swift in Sources */,
				48DA30A42C1206AF00E26FC5 /* FavoriteArticle.swift in Sources */,
				48DA30DC2C134A2D00E26FC5 /* SearchResultCell.swift in Sources */,
				48DA309F2C12052700E26FC5 /* APIService.swift in Sources */,
				48DA30C92C122F9D00E26FC5 /* SearchViewModel.swift in Sources */,
				48DA30A62C1207B800E26FC5 /* Entities.swift in Sources */,
				48DA30DF2C134A8800E26FC5 /* UIImageView.swift in Sources */,
				48DA30642C11FF1000E26FC5 /* SceneDelegate.swift in Sources */,
				48DA30C52C1222E200E26FC5 /* SearchViewController.swift in Sources */,
				48DA30B92C121FE900E26FC5 /* OnboardingViewController.swift in Sources */,
				48DA30A92C12083000E26FC5 /* FetchHeadlinesUseCase.swift in Sources */,
				48DA30A12C12062A00E26FC5 /* NewsRepository.swift in Sources */,
				48DA30C72C122A7D00E26FC5 /* SearchArticlesUseCase.swift in Sources */,
				48DA30C02C1220CF00E26FC5 /* MainViewModel.swift in Sources */,
			);
			runOnlyForDeploymentPostprocessing = 0;
		};
		48DA30702C11FF1200E26FC5 /* Sources */ = {
			isa = PBXSourcesBuildPhase;
			buildActionMask = 2147483647;
			files = (
				48DA30D72C12345400E26FC5 /* MainViewModelTests.swift in Sources */,
				48DA30D52C1233FB00E26FC5 /* NewsRepositoryTests.swift in Sources */,
				48DA30D92C1234D600E26FC5 /* SearchViewModelTests.swift in Sources */,
				48DA30D32C12330600E26FC5 /* APIServiceTests.swift in Sources */,
			);
			runOnlyForDeploymentPostprocessing = 0;
		};
		48DA307A2C11FF1200E26FC5 /* Sources */ = {
			isa = PBXSourcesBuildPhase;
			buildActionMask = 2147483647;
			files = (
				48DA30832C11FF1200E26FC5 /* NewsAppUITests.swift in Sources */,
				48DA30852C11FF1200E26FC5 /* NewsAppUITestsLaunchTests.swift in Sources */,
			);
			runOnlyForDeploymentPostprocessing = 0;
		};
/* End PBXSourcesBuildPhase section */

/* Begin PBXTargetDependency section */
		48DA30762C11FF1200E26FC5 /* PBXTargetDependency */ = {
			isa = PBXTargetDependency;
			target = 48DA305D2C11FF1000E26FC5 /* NewsApp */;
			targetProxy = 48DA30752C11FF1200E26FC5 /* PBXContainerItemProxy */;
		};
		48DA30802C11FF1200E26FC5 /* PBXTargetDependency */ = {
			isa = PBXTargetDependency;
			target = 48DA305D2C11FF1000E26FC5 /* NewsApp */;
			targetProxy = 48DA307F2C11FF1200E26FC5 /* PBXContainerItemProxy */;
		};
/* End PBXTargetDependency section */

/* Begin PBXVariantGroup section */
		48DA306C2C11FF1200E26FC5 /* LaunchScreen.storyboard */ = {
			isa = PBXVariantGroup;
			children = (
				48DA306D2C11FF1200E26FC5 /* Base */,
			);
			name = LaunchScreen.storyboard;
			sourceTree = "<group>";
		};
/* End PBXVariantGroup section */

/* Begin XCBuildConfiguration section */
		48DA30862C11FF1200E26FC5 /* Debug */ = {
			isa = XCBuildConfiguration;
			buildSettings = {
				ALWAYS_SEARCH_USER_PATHS = NO;
				ASSETCATALOG_COMPILER_GENERATE_SWIFT_ASSET_SYMBOL_EXTENSIONS = YES;
				CLANG_ANALYZER_NONNULL = YES;
				CLANG_ANALYZER_NUMBER_OBJECT_CONVERSION = YES_AGGRESSIVE;
				CLANG_CXX_LANGUAGE_STANDARD = "gnu++20";
				CLANG_ENABLE_MODULES = YES;
				CLANG_ENABLE_OBJC_ARC = YES;
				CLANG_ENABLE_OBJC_WEAK = YES;
				CLANG_WARN_BLOCK_CAPTURE_AUTORELEASING = YES;
				CLANG_WARN_BOOL_CONVERSION = YES;
				CLANG_WARN_COMMA = YES;
				CLANG_WARN_CONSTANT_CONVERSION = YES;
				CLANG_WARN_DEPRECATED_OBJC_IMPLEMENTATIONS = YES;
				CLANG_WARN_DIRECT_OBJC_ISA_USAGE = YES_ERROR;
				CLANG_WARN_DOCUMENTATION_COMMENTS = YES;
				CLANG_WARN_EMPTY_BODY = YES;
				CLANG_WARN_ENUM_CONVERSION = YES;
				CLANG_WARN_INFINITE_RECURSION = YES;
				CLANG_WARN_INT_CONVERSION = YES;
				CLANG_WARN_NON_LITERAL_NULL_CONVERSION = YES;
				CLANG_WARN_OBJC_IMPLICIT_RETAIN_SELF = YES;
				CLANG_WARN_OBJC_LITERAL_CONVERSION = YES;
				CLANG_WARN_OBJC_ROOT_CLASS = YES_ERROR;
				CLANG_WARN_QUOTED_INCLUDE_IN_FRAMEWORK_HEADER = YES;
				CLANG_WARN_RANGE_LOOP_ANALYSIS = YES;
				CLANG_WARN_STRICT_PROTOTYPES = YES;
				CLANG_WARN_SUSPICIOUS_MOVE = YES;
				CLANG_WARN_UNGUARDED_AVAILABILITY = YES_AGGRESSIVE;
				CLANG_WARN_UNREACHABLE_CODE = YES;
				CLANG_WARN__DUPLICATE_METHOD_MATCH = YES;
				COPY_PHASE_STRIP = NO;
				DEBUG_INFORMATION_FORMAT = dwarf;
				ENABLE_STRICT_OBJC_MSGSEND = YES;
				ENABLE_TESTABILITY = YES;
				ENABLE_USER_SCRIPT_SANDBOXING = YES;
				GCC_C_LANGUAGE_STANDARD = gnu17;
				GCC_DYNAMIC_NO_PIC = NO;
				GCC_NO_COMMON_BLOCKS = YES;
				GCC_OPTIMIZATION_LEVEL = 0;
				GCC_PREPROCESSOR_DEFINITIONS = (
					"DEBUG=1",
					"$(inherited)",
				);
				GCC_WARN_64_TO_32_BIT_CONVERSION = YES;
				GCC_WARN_ABOUT_RETURN_TYPE = YES_ERROR;
				GCC_WARN_UNDECLARED_SELECTOR = YES;
				GCC_WARN_UNINITIALIZED_AUTOS = YES_AGGRESSIVE;
				GCC_WARN_UNUSED_FUNCTION = YES;
				GCC_WARN_UNUSED_VARIABLE = YES;
				IPHONEOS_DEPLOYMENT_TARGET = 17.5;
				LOCALIZATION_PREFERS_STRING_CATALOGS = YES;
				MTL_ENABLE_DEBUG_INFO = INCLUDE_SOURCE;
				MTL_FAST_MATH = YES;
				ONLY_ACTIVE_ARCH = YES;
				SDKROOT = iphoneos;
				SWIFT_ACTIVE_COMPILATION_CONDITIONS = "DEBUG $(inherited)";
				SWIFT_OPTIMIZATION_LEVEL = "-Onone";
			};
			name = Debug;
		};
		48DA30872C11FF1200E26FC5 /* Release */ = {
			isa = XCBuildConfiguration;
			buildSettings = {
				ALWAYS_SEARCH_USER_PATHS = NO;
				ASSETCATALOG_COMPILER_GENERATE_SWIFT_ASSET_SYMBOL_EXTENSIONS = YES;
				CLANG_ANALYZER_NONNULL = YES;
				CLANG_ANALYZER_NUMBER_OBJECT_CONVERSION = YES_AGGRESSIVE;
				CLANG_CXX_LANGUAGE_STANDARD = "gnu++20";
				CLANG_ENABLE_MODULES = YES;
				CLANG_ENABLE_OBJC_ARC = YES;
				CLANG_ENABLE_OBJC_WEAK = YES;
				CLANG_WARN_BLOCK_CAPTURE_AUTORELEASING = YES;
				CLANG_WARN_BOOL_CONVERSION = YES;
				CLANG_WARN_COMMA = YES;
				CLANG_WARN_CONSTANT_CONVERSION = YES;
				CLANG_WARN_DEPRECATED_OBJC_IMPLEMENTATIONS = YES;
				CLANG_WARN_DIRECT_OBJC_ISA_USAGE = YES_ERROR;
				CLANG_WARN_DOCUMENTATION_COMMENTS = YES;
				CLANG_WARN_EMPTY_BODY = YES;
				CLANG_WARN_ENUM_CONVERSION = YES;
				CLANG_WARN_INFINITE_RECURSION = YES;
				CLANG_WARN_INT_CONVERSION = YES;
				CLANG_WARN_NON_LITERAL_NULL_CONVERSION = YES;
				CLANG_WARN_OBJC_IMPLICIT_RETAIN_SELF = YES;
				CLANG_WARN_OBJC_LITERAL_CONVERSION = YES;
				CLANG_WARN_OBJC_ROOT_CLASS = YES_ERROR;
				CLANG_WARN_QUOTED_INCLUDE_IN_FRAMEWORK_HEADER = YES;
				CLANG_WARN_RANGE_LOOP_ANALYSIS = YES;
				CLANG_WARN_STRICT_PROTOTYPES = YES;
				CLANG_WARN_SUSPICIOUS_MOVE = YES;
				CLANG_WARN_UNGUARDED_AVAILABILITY = YES_AGGRESSIVE;
				CLANG_WARN_UNREACHABLE_CODE = YES;
				CLANG_WARN__DUPLICATE_METHOD_MATCH = YES;
				COPY_PHASE_STRIP = NO;
				DEBUG_INFORMATION_FORMAT = "dwarf-with-dsym";
				ENABLE_NS_ASSERTIONS = NO;
				ENABLE_STRICT_OBJC_MSGSEND = YES;
				ENABLE_USER_SCRIPT_SANDBOXING = YES;
				GCC_C_LANGUAGE_STANDARD = gnu17;
				GCC_NO_COMMON_BLOCKS = YES;
				GCC_WARN_64_TO_32_BIT_CONVERSION = YES;
				GCC_WARN_ABOUT_RETURN_TYPE = YES_ERROR;
				GCC_WARN_UNDECLARED_SELECTOR = YES;
				GCC_WARN_UNINITIALIZED_AUTOS = YES_AGGRESSIVE;
				GCC_WARN_UNUSED_FUNCTION = YES;
				GCC_WARN_UNUSED_VARIABLE = YES;
				IPHONEOS_DEPLOYMENT_TARGET = 17.5;
				LOCALIZATION_PREFERS_STRING_CATALOGS = YES;
				MTL_ENABLE_DEBUG_INFO = NO;
				MTL_FAST_MATH = YES;
				SDKROOT = iphoneos;
				SWIFT_COMPILATION_MODE = wholemodule;
				VALIDATE_PRODUCT = YES;
			};
			name = Release;
		};
		48DA30892C11FF1200E26FC5 /* Debug */ = {
			isa = XCBuildConfiguration;
			buildSettings = {
				ASSETCATALOG_COMPILER_APPICON_NAME = AppIcon;
				ASSETCATALOG_COMPILER_GLOBAL_ACCENT_COLOR_NAME = AccentColor;
				CODE_SIGN_STYLE = Automatic;
				CURRENT_PROJECT_VERSION = 1;
				DEVELOPMENT_TEAM = Y9W5C9435Y;
				GENERATE_INFOPLIST_FILE = YES;
				INFOPLIST_FILE = NewsApp/Resources/Info.plist;
				INFOPLIST_KEY_UIApplicationSupportsIndirectInputEvents = YES;
				INFOPLIST_KEY_UILaunchStoryboardName = LaunchScreen;
				INFOPLIST_KEY_UISupportedInterfaceOrientations_iPad = "UIInterfaceOrientationPortrait UIInterfaceOrientationPortraitUpsideDown UIInterfaceOrientationLandscapeLeft UIInterfaceOrientationLandscapeRight";
				INFOPLIST_KEY_UISupportedInterfaceOrientations_iPhone = "UIInterfaceOrientationPortrait UIInterfaceOrientationLandscapeLeft UIInterfaceOrientationLandscapeRight";
				IPHONEOS_DEPLOYMENT_TARGET = 17.0;
				LD_RUNPATH_SEARCH_PATHS = (
					"$(inherited)",
					"@executable_path/Frameworks",
				);
				MARKETING_VERSION = 1.0;
				PRODUCT_BUNDLE_IDENTIFIER = com.itworks.NewsApp;
				PRODUCT_NAME = "$(TARGET_NAME)";
				SWIFT_EMIT_LOC_STRINGS = YES;
				SWIFT_VERSION = 5.0;
				TARGETED_DEVICE_FAMILY = "1,2";
			};
			name = Debug;
		};
		48DA308A2C11FF1200E26FC5 /* Release */ = {
			isa = XCBuildConfiguration;
			buildSettings = {
				ASSETCATALOG_COMPILER_APPICON_NAME = AppIcon;
				ASSETCATALOG_COMPILER_GLOBAL_ACCENT_COLOR_NAME = AccentColor;
				CODE_SIGN_STYLE = Automatic;
				CURRENT_PROJECT_VERSION = 1;
				DEVELOPMENT_TEAM = Y9W5C9435Y;
				GENERATE_INFOPLIST_FILE = YES;
				INFOPLIST_FILE = NewsApp/Resources/Info.plist;
				INFOPLIST_KEY_UIApplicationSupportsIndirectInputEvents = YES;
				INFOPLIST_KEY_UILaunchStoryboardName = LaunchScreen;
				INFOPLIST_KEY_UISupportedInterfaceOrientations_iPad = "UIInterfaceOrientationPortrait UIInterfaceOrientationPortraitUpsideDown UIInterfaceOrientationLandscapeLeft UIInterfaceOrientationLandscapeRight";
				INFOPLIST_KEY_UISupportedInterfaceOrientations_iPhone = "UIInterfaceOrientationPortrait UIInterfaceOrientationLandscapeLeft UIInterfaceOrientationLandscapeRight";
				IPHONEOS_DEPLOYMENT_TARGET = 17.0;
				LD_RUNPATH_SEARCH_PATHS = (
					"$(inherited)",
					"@executable_path/Frameworks",
				);
				MARKETING_VERSION = 1.0;
				PRODUCT_BUNDLE_IDENTIFIER = com.itworks.NewsApp;
				PRODUCT_NAME = "$(TARGET_NAME)";
				SWIFT_EMIT_LOC_STRINGS = YES;
				SWIFT_VERSION = 5.0;
				TARGETED_DEVICE_FAMILY = "1,2";
			};
			name = Release;
		};
		48DA308C2C11FF1200E26FC5 /* Debug */ = {
			isa = XCBuildConfiguration;
			buildSettings = {
				ALWAYS_EMBED_SWIFT_STANDARD_LIBRARIES = YES;
				BUNDLE_LOADER = "$(TEST_HOST)";
				CODE_SIGN_STYLE = Automatic;
				CURRENT_PROJECT_VERSION = 1;
				DEVELOPMENT_TEAM = Y9W5C9435Y;
				GENERATE_INFOPLIST_FILE = YES;
				IPHONEOS_DEPLOYMENT_TARGET = 17.5;
				MARKETING_VERSION = 1.0;
				PRODUCT_BUNDLE_IDENTIFIER = com.itworks.NewsAppTests;
				PRODUCT_NAME = "$(TARGET_NAME)";
				SWIFT_EMIT_LOC_STRINGS = NO;
				SWIFT_VERSION = 5.0;
				TARGETED_DEVICE_FAMILY = "1,2";
				TEST_HOST = "$(BUILT_PRODUCTS_DIR)/NewsApp.app/$(BUNDLE_EXECUTABLE_FOLDER_PATH)/NewsApp";
			};
			name = Debug;
		};
		48DA308D2C11FF1200E26FC5 /* Release */ = {
			isa = XCBuildConfiguration;
			buildSettings = {
				ALWAYS_EMBED_SWIFT_STANDARD_LIBRARIES = YES;
				BUNDLE_LOADER = "$(TEST_HOST)";
				CODE_SIGN_STYLE = Automatic;
				CURRENT_PROJECT_VERSION = 1;
				DEVELOPMENT_TEAM = Y9W5C9435Y;
				GENERATE_INFOPLIST_FILE = YES;
				IPHONEOS_DEPLOYMENT_TARGET = 17.5;
				MARKETING_VERSION = 1.0;
				PRODUCT_BUNDLE_IDENTIFIER = com.itworks.NewsAppTests;
				PRODUCT_NAME = "$(TARGET_NAME)";
				SWIFT_EMIT_LOC_STRINGS = NO;
				SWIFT_VERSION = 5.0;
				TARGETED_DEVICE_FAMILY = "1,2";
				TEST_HOST = "$(BUILT_PRODUCTS_DIR)/NewsApp.app/$(BUNDLE_EXECUTABLE_FOLDER_PATH)/NewsApp";
			};
			name = Release;
		};
		48DA308F2C11FF1200E26FC5 /* Debug */ = {
			isa = XCBuildConfiguration;
			buildSettings = {
				ALWAYS_EMBED_SWIFT_STANDARD_LIBRARIES = YES;
				CODE_SIGN_STYLE = Automatic;
				CURRENT_PROJECT_VERSION = 1;
				DEVELOPMENT_TEAM = Y9W5C9435Y;
				GENERATE_INFOPLIST_FILE = YES;
				MARKETING_VERSION = 1.0;
				PRODUCT_BUNDLE_IDENTIFIER = com.itworks.NewsAppUITests;
				PRODUCT_NAME = "$(TARGET_NAME)";
				SWIFT_EMIT_LOC_STRINGS = NO;
				SWIFT_VERSION = 5.0;
				TARGETED_DEVICE_FAMILY = "1,2";
				TEST_TARGET_NAME = NewsApp;
			};
			name = Debug;
		};
		48DA30902C11FF1200E26FC5 /* Release */ = {
			isa = XCBuildConfiguration;
			buildSettings = {
				ALWAYS_EMBED_SWIFT_STANDARD_LIBRARIES = YES;
				CODE_SIGN_STYLE = Automatic;
				CURRENT_PROJECT_VERSION = 1;
				DEVELOPMENT_TEAM = Y9W5C9435Y;
				GENERATE_INFOPLIST_FILE = YES;
				MARKETING_VERSION = 1.0;
				PRODUCT_BUNDLE_IDENTIFIER = com.itworks.NewsAppUITests;
				PRODUCT_NAME = "$(TARGET_NAME)";
				SWIFT_EMIT_LOC_STRINGS = NO;
				SWIFT_VERSION = 5.0;
				TARGETED_DEVICE_FAMILY = "1,2";
				TEST_TARGET_NAME = NewsApp;
			};
			name = Release;
		};
/* End XCBuildConfiguration section */

/* Begin XCConfigurationList section */
		48DA30592C11FF1000E26FC5 /* Build configuration list for PBXProject "NewsApp" */ = {
			isa = XCConfigurationList;
			buildConfigurations = (
				48DA30862C11FF1200E26FC5 /* Debug */,
				48DA30872C11FF1200E26FC5 /* Release */,
			);
			defaultConfigurationIsVisible = 0;
			defaultConfigurationName = Release;
		};
		48DA30882C11FF1200E26FC5 /* Build configuration list for PBXNativeTarget "NewsApp" */ = {
			isa = XCConfigurationList;
			buildConfigurations = (
				48DA30892C11FF1200E26FC5 /* Debug */,
				48DA308A2C11FF1200E26FC5 /* Release */,
			);
			defaultConfigurationIsVisible = 0;
			defaultConfigurationName = Release;
		};
		48DA308B2C11FF1200E26FC5 /* Build configuration list for PBXNativeTarget "NewsAppTests" */ = {
			isa = XCConfigurationList;
			buildConfigurations = (
				48DA308C2C11FF1200E26FC5 /* Debug */,
				48DA308D2C11FF1200E26FC5 /* Release */,
			);
			defaultConfigurationIsVisible = 0;
			defaultConfigurationName = Release;
		};
		48DA308E2C11FF1200E26FC5 /* Build configuration list for PBXNativeTarget "NewsAppUITests" */ = {
			isa = XCConfigurationList;
			buildConfigurations = (
				48DA308F2C11FF1200E26FC5 /* Debug */,
				48DA30902C11FF1200E26FC5 /* Release */,
			);
			defaultConfigurationIsVisible = 0;
			defaultConfigurationName = Release;
		};
/* End XCConfigurationList section */

/* Begin XCRemoteSwiftPackageReference section */
		48DA30912C12013900E26FC5 /* XCRemoteSwiftPackageReference "Alamofire" */ = {
			isa = XCRemoteSwiftPackageReference;
			repositoryURL = "https://github.com/Alamofire/Alamofire.git";
			requirement = {
				kind = upToNextMajorVersion;
				minimumVersion = 5.9.1;
			};
		};
		48DA30E02C1353D400E26FC5 /* XCRemoteSwiftPackageReference "realm-swift" */ = {
			isa = XCRemoteSwiftPackageReference;
			repositoryURL = "https://github.com/realm/realm-swift";
			requirement = {
				branch = master;
				kind = branch;
			};
		};
/* End XCRemoteSwiftPackageReference section */

/* Begin XCSwiftPackageProductDependency section */
		48DA30922C12013900E26FC5 /* Alamofire */ = {
			isa = XCSwiftPackageProductDependency;
			package = 48DA30912C12013900E26FC5 /* XCRemoteSwiftPackageReference "Alamofire" */;
			productName = Alamofire;
		};
		48DA30E12C1353D400E26FC5 /* RealmSwift */ = {
			isa = XCSwiftPackageProductDependency;
			package = 48DA30E02C1353D400E26FC5 /* XCRemoteSwiftPackageReference "realm-swift" */;
			productName = RealmSwift;
		};
/* End XCSwiftPackageProductDependency section */
	};
	rootObject = 48DA30562C11FF1000E26FC5 /* Project object */;
}
